
Microsoft Visual Studio Solution File, Format Version 12.00
# Visual Studio Version 16
VisualStudioVersion = 16.0.30717.126
MinimumVisualStudioVersion = 10.0.40219.1
Project("{FAE04EC0-301F-11D3-BF4B-00C04F79EFBC}") = "Admin", "Admin\Admin.csproj", "{DEDA9603-170E-4D0E-AFB3-AD38DD93BC46}"
EndProject
Global
	GlobalSection(SolutionConfigurationPlatforms) = preSolution
		Debug|Any CPU = Debug|Any CPU
		Release|Any CPU = Release|Any CPU
	EndGlobalSection
	GlobalSection(ProjectConfigurationPlatforms) = postSolution
		{DEDA9603-170E-4D0E-AFB3-AD38DD93BC46}.Debug|Any CPU.ActiveCfg = Debug|Any CPU
		{DEDA9603-170E-4D0E-AFB3-AD38DD93BC46}.Debug|Any CPU.Build.0 = Debug|Any CPU
		{DEDA9603-170E-4D0E-AFB3-AD38DD93BC46}.Release|Any CPU.ActiveCfg = Release|Any CPU
		{DEDA9603-170E-4D0E-AFB3-AD38DD93BC46}.Release|Any CPU.Build.0 = Release|Any CPU
	EndGlobalSection
	GlobalSection(SolutionProperties) = preSolution
		HideSolutionNode = FALSE
	EndGlobalSection
	GlobalSection(ExtensibilityGlobals) = postSolution
		SolutionGuid = {319A5CB3-2241-49FE-8575-A6A804DE03EE}
	EndGlobalSection
EndGlobal
